# THIS IS AN AUTOGENERATED FILE. DO NOT EDIT THIS FILE DIRECTLY.
# yarn lockfile v1


jotai@^2.1.1:
  version "2.1.1"
  resolved "https://registry.yarnpkg.com/jotai/-/jotai-2.1.1.tgz#7fc4edf16d7e20ff42952fbf2c36e8bd57510c07"
  integrity sha512-LaaiuSaq+6XkwkrCtCkczyFVZOXe0dfjAFN4DVMsSZSRv/A/4xuLHnlpHMEDqvngjWYBotTIrnQ7OogMkUE6wA==

react-icons@^4.9.0:
  version "4.9.0"
  resolved "https://registry.yarnpkg.com/react-icons/-/react-icons-4.9.0.tgz#ba44f436a053393adb1bdcafbc5c158b7b70d2a3"
  integrity sha512-ijUnFr//ycebOqujtqtV9PFS7JjhWg0QU6ykURVHuL4cbofvRCf3f6GMn9+fBktEFQOIVZnuAYLZdiyadRQRFg==
